
Microsoft Visual Studio Solution File, Format Version 12.00
# Visual Studio Express 2012 for Windows Desktop
Project("{8BC9CEB8-8B4A-11D0-8D11-00A0C91BC942}") = "LeapMotionApp", "LeapMotionApp.vcxproj", "{FD324C40-2556-492B-A866-076ECEEB18EF}"
EndProject
Global
	GlobalSection(SolutionConfigurationPlatforms) = preSolution
		Debug|Win32 = Debug|Win32
		Release|Win32 = Release|Win32
	EndGlobalSection
	GlobalSection(ProjectConfigurationPlatforms) = postSolution
		{FD324C40-2556-492B-A866-076ECEEB18EF}.Debug|Win32.ActiveCfg = Debug|Win32
		{FD324C40-2556-492B-A866-076ECEEB18EF}.Debug|Win32.Build.0 = Debug|Win32
		{FD324C40-2556-492B-A866-076ECEEB18EF}.Release|Win32.ActiveCfg = Release|Win32
		{FD324C40-2556-492B-A866-076ECEEB18EF}.Release|Win32.Build.0 = Release|Win32
	EndGlobalSection
	GlobalSection(SolutionProperties) = preSolution
		HideSolutionNode = FALSE
	EndGlobalSection
EndGlobal
